
Microsoft Visual Studio Solution File, Format Version 12.00
# Visual Studio 14
VisualStudioVersion = 14.0.23107.0
MinimumVisualStudioVersion = 10.0.40219.1
Project("{FAE04EC0-301F-11D3-BF4B-00C04F79EFBC}") = "AgendaPersonal2", "AgendaPersonal2\AgendaPersonal2.csproj", "{D3FCBF7F-A43C-4F2C-AE24-36A84F2B4A21}"
EndProject
Project("{FAE04EC0-301F-11D3-BF4B-00C04F79EFBC}") = "DAL", "DAL\DAL.csproj", "{4D0A6669-4BA8-473E-A9BF-B29EC8C78724}"
EndProject
Project("{FAE04EC0-301F-11D3-BF4B-00C04F79EFBC}") = "BLL", "BLL\BLL.csproj", "{8B9DAB6D-64FC-4976-8697-2F1301431810}"
EndProject
Global
	GlobalSection(SolutionConfigurationPlatforms) = preSolution
		Debug|Any CPU = Debug|Any CPU
		Release|Any CPU = Release|Any CPU
	EndGlobalSection
	GlobalSection(ProjectConfigurationPlatforms) = postSolution
		{D3FCBF7F-A43C-4F2C-AE24-36A84F2B4A21}.Debug|Any CPU.ActiveCfg = Debug|Any CPU
		{D3FCBF7F-A43C-4F2C-AE24-36A84F2B4A21}.Debug|Any CPU.Build.0 = Debug|Any CPU
		{D3FCBF7F-A43C-4F2C-AE24-36A84F2B4A21}.Release|Any CPU.ActiveCfg = Release|Any CPU
		{D3FCBF7F-A43C-4F2C-AE24-36A84F2B4A21}.Release|Any CPU.Build.0 = Release|Any CPU
		{4D0A6669-4BA8-473E-A9BF-B29EC8C78724}.Debug|Any CPU.ActiveCfg = Debug|Any CPU
		{4D0A6669-4BA8-473E-A9BF-B29EC8C78724}.Debug|Any CPU.Build.0 = Debug|Any CPU
		{4D0A6669-4BA8-473E-A9BF-B29EC8C78724}.Release|Any CPU.ActiveCfg = Release|Any CPU
		{4D0A6669-4BA8-473E-A9BF-B29EC8C78724}.Release|Any CPU.Build.0 = Release|Any CPU
		{8B9DAB6D-64FC-4976-8697-2F1301431810}.Debug|Any CPU.ActiveCfg = Debug|Any CPU
		{8B9DAB6D-64FC-4976-8697-2F1301431810}.Debug|Any CPU.Build.0 = Debug|Any CPU
		{8B9DAB6D-64FC-4976-8697-2F1301431810}.Release|Any CPU.ActiveCfg = Release|Any CPU
		{8B9DAB6D-64FC-4976-8697-2F1301431810}.Release|Any CPU.Build.0 = Release|Any CPU
	EndGlobalSection
	GlobalSection(SolutionProperties) = preSolution
		HideSolutionNode = FALSE
	EndGlobalSection
EndGlobal
